
Microsoft Visual Studio Solution File, Format Version 12.00
# Visual Studio Version 17
VisualStudioVersion = 17.12.35506.116 d17.12
MinimumVisualStudioVersion = 10.0.40219.1
Project("{FAE04EC0-301F-11D3-BF4B-00C04F79EFBC}") = "do while", "do while\do while.csproj", "{4505AD15-5202-4CAA-A56D-CF8BC4119889}"
EndProject
Global
	GlobalSection(SolutionConfigurationPlatforms) = preSolution
		Debug|Any CPU = Debug|Any CPU
		Release|Any CPU = Release|Any CPU
	EndGlobalSection
	GlobalSection(ProjectConfigurationPlatforms) = postSolution
		{4505AD15-5202-4CAA-A56D-CF8BC4119889}.Debug|Any CPU.ActiveCfg = Debug|Any CPU
		{4505AD15-5202-4CAA-A56D-CF8BC4119889}.Debug|Any CPU.Build.0 = Debug|Any CPU
		{4505AD15-5202-4CAA-A56D-CF8BC4119889}.Release|Any CPU.ActiveCfg = Release|Any CPU
		{4505AD15-5202-4CAA-A56D-CF8BC4119889}.Release|Any CPU.Build.0 = Release|Any CPU
	EndGlobalSection
	GlobalSection(SolutionProperties) = preSolution
		HideSolutionNode = FALSE
	EndGlobalSection
EndGlobal
